// !$*UTF8*$!
{
	archiveVersion = 1;
	classes = {
	};
	objectVersion = 46;
	objects = {

/* Begin PBXBuildFile section */
		072B599D1D8FE74000810F7D /* WOMaintainer.swift in Sources */ = {isa = PBXBuildFile; fileRef = 072B599C1D8FE74000810F7D /* WOMaintainer.swift */; };
		072B599F1D8FE74B00810F7D /* XDPlayerViewController+UI.swift in Sources */ = {isa = PBXBuildFile; fileRef = 072B599E1D8FE74B00810F7D /* XDPlayerViewController+UI.swift */; };
		072B59AB1D900CEE00810F7D /* WOViewController+State.swift in Sources */ = {isa = PBXBuildFile; fileRef = 072B59AA1D900CEE00810F7D /* WOViewController+State.swift */; };
		072B59AE1D900D0400810F7D /* XDPlayerViewController+Action.swift in Sources */ = {isa = PBXBuildFile; fileRef = 072B59AC1D900D0400810F7D /* XDPlayerViewController+Action.swift */; };
		072B59AF1D900D0400810F7D /* XDPlayerViewController+State.swift in Sources */ = {isa = PBXBuildFile; fileRef = 072B59AD1D900D0400810F7D /* XDPlayerViewController+State.swift */; };
		072B59B31D900D9800810F7D /* WOMaintainer.swift in Sources */ = {isa = PBXBuildFile; fileRef = 072B599C1D8FE74000810F7D /* WOMaintainer.swift */; };
		072B59B41D900D9800810F7D /* WOViewController.swift in Sources */ = {isa = PBXBuildFile; fileRef = 077D29031D1D372500C2398F /* WOViewController.swift */; };
		072B59B51D900D9800810F7D /* WOViewController+State.swift in Sources */ = {isa = PBXBuildFile; fileRef = 072B59AA1D900CEE00810F7D /* WOViewController+State.swift */; };
		072B59B61D900D9800810F7D /* XDPlayerViewController.swift in Sources */ = {isa = PBXBuildFile; fileRef = 0701651E1D8E57980019FA7C /* XDPlayerViewController.swift */; };
		072B59B71D900D9800810F7D /* XDPlayerViewController+Action.swift in Sources */ = {isa = PBXBuildFile; fileRef = 072B59AC1D900D0400810F7D /* XDPlayerViewController+Action.swift */; };
		072B59B81D900D9800810F7D /* XDPlayerViewController+State.swift in Sources */ = {isa = PBXBuildFile; fileRef = 072B59AD1D900D0400810F7D /* XDPlayerViewController+State.swift */; };
		072B59B91D900D9800810F7D /* XDPlayerViewController+UI.swift in Sources */ = {isa = PBXBuildFile; fileRef = 072B599E1D8FE74B00810F7D /* XDPlayerViewController+UI.swift */; };
		072B59BA1D900D9800810F7D /* XDPlayer.swift in Sources */ = {isa = PBXBuildFile; fileRef = 077D29001D1D34AF00C2398F /* XDPlayer.swift */; };
		072B59BC1D90E60200810F7D /* Assets.xcassets in Resources */ = {isa = PBXBuildFile; fileRef = 072B59BB1D90E60200810F7D /* Assets.xcassets */; };
		077D28DD1D1D33BA00C2398F /* AppDelegate.swift in Sources */ = {isa = PBXBuildFile; fileRef = 077D28DC1D1D33BA00C2398F /* AppDelegate.swift */; };
		077D28DF1D1D33BA00C2398F /* ViewController.swift in Sources */ = {isa = PBXBuildFile; fileRef = 077D28DE1D1D33BA00C2398F /* ViewController.swift */; };
		077D28E41D1D33BA00C2398F /* Assets.xcassets in Resources */ = {isa = PBXBuildFile; fileRef = 077D28E31D1D33BA00C2398F /* Assets.xcassets */; };
		077D28E71D1D33BA00C2398F /* LaunchScreen.storyboard in Resources */ = {isa = PBXBuildFile; fileRef = 077D28E51D1D33BA00C2398F /* LaunchScreen.storyboard */; };
		077D28F61D1D33C500C2398F /* XDPlayer.h in Headers */ = {isa = PBXBuildFile; fileRef = 077D28F51D1D33C500C2398F /* XDPlayer.h */; settings = {ATTRIBUTES = (Public, ); }; };
		077D28FA1D1D33C500C2398F /* XDPlayer.framework in Frameworks */ = {isa = PBXBuildFile; fileRef = 077D28F31D1D33C500C2398F /* XDPlayer.framework */; };
		077D28FB1D1D33C500C2398F /* XDPlayer.framework in Embed Frameworks */ = {isa = PBXBuildFile; fileRef = 077D28F31D1D33C500C2398F /* XDPlayer.framework */; settings = {ATTRIBUTES = (CodeSignOnCopy, RemoveHeadersOnCopy, ); }; };
		0798304B1D8E7AD70087A8C7 /* WOViewController.swift in Sources */ = {isa = PBXBuildFile; fileRef = 077D29031D1D372500C2398F /* WOViewController.swift */; };
		0798304C1D8E7ADA0087A8C7 /* XDPlayerViewController.swift in Sources */ = {isa = PBXBuildFile; fileRef = 0701651E1D8E57980019FA7C /* XDPlayerViewController.swift */; };
		0798304D1D8E7ADD0087A8C7 /* XDPlayer.swift in Sources */ = {isa = PBXBuildFile; fileRef = 077D29001D1D34AF00C2398F /* XDPlayer.swift */; };
/* End PBXBuildFile section */

/* Begin PBXContainerItemProxy section */
		077D28F81D1D33C500C2398F /* PBXContainerItemProxy */ = {
			isa = PBXContainerItemProxy;
			containerPortal = 077D28D11D1D33BA00C2398F /* Project object */;
			proxyType = 1;
			remoteGlobalIDString = 077D28F21D1D33C500C2398F;
			remoteInfo = XDPlayer;
		};
/* End PBXContainerItemProxy section */

/* Begin PBXCopyFilesBuildPhase section */
		077D28FF1D1D33C500C2398F /* Embed Frameworks */ = {
			isa = PBXCopyFilesBuildPhase;
			buildActionMask = 2147483647;
			dstPath = "";
			dstSubfolderSpec = 10;
			files = (
				077D28FB1D1D33C500C2398F /* XDPlayer.framework in Embed Frameworks */,
			);
			name = "Embed Frameworks";
			runOnlyForDeploymentPostprocessing = 0;
		};
/* End PBXCopyFilesBuildPhase section */

/* Begin PBXFileReference section */
		0701651E1D8E57980019FA7C /* XDPlayerViewController.swift */ = {isa = PBXFileReference; fileEncoding = 4; lastKnownFileType = sourcecode.swift; name = XDPlayerViewController.swift; path = Sources/XDPlayerViewController.swift; sourceTree = "<group>"; };
		072B599C1D8FE74000810F7D /* WOMaintainer.swift */ = {isa = PBXFileReference; fileEncoding = 4; lastKnownFileType = sourcecode.swift; name = WOMaintainer.swift; path = Sources/WOMaintainer.swift; sourceTree = "<group>"; };
		072B599E1D8FE74B00810F7D /* XDPlayerViewController+UI.swift */ = {isa = PBXFileReference; fileEncoding = 4; lastKnownFileType = sourcecode.swift; name = "XDPlayerViewController+UI.swift"; path = "Sources/XDPlayerViewController+UI.swift"; sourceTree = "<group>"; };
		072B59AA1D900CEE00810F7D /* WOViewController+State.swift */ = {isa = PBXFileReference; fileEncoding = 4; lastKnownFileType = sourcecode.swift; name = "WOViewController+State.swift"; path = "Sources/WOViewController+State.swift"; sourceTree = "<group>"; };
		072B59AC1D900D0400810F7D /* XDPlayerViewController+Action.swift */ = {isa = PBXFileReference; fileEncoding = 4; lastKnownFileType = sourcecode.swift; name = "XDPlayerViewController+Action.swift"; path = "Sources/XDPlayerViewController+Action.swift"; sourceTree = "<group>"; };
		072B59AD1D900D0400810F7D /* XDPlayerViewController+State.swift */ = {isa = PBXFileReference; fileEncoding = 4; lastKnownFileType = sourcecode.swift; name = "XDPlayerViewController+State.swift"; path = "Sources/XDPlayerViewController+State.swift"; sourceTree = "<group>"; };
		072B59BB1D90E60200810F7D /* Assets.xcassets */ = {isa = PBXFileReference; lastKnownFileType = folder.assetcatalog; name = Assets.xcassets; path = Resources/Assets.xcassets; sourceTree = "<group>"; };
		077D28D91D1D33BA00C2398F /* XDPlayer-Demo.app */ = {isa = PBXFileReference; explicitFileType = wrapper.application; includeInIndex = 0; path = "XDPlayer-Demo.app"; sourceTree = BUILT_PRODUCTS_DIR; };
		077D28DC1D1D33BA00C2398F /* AppDelegate.swift */ = {isa = PBXFileReference; lastKnownFileType = sourcecode.swift; path = AppDelegate.swift; sourceTree = "<group>"; };
		077D28DE1D1D33BA00C2398F /* ViewController.swift */ = {isa = PBXFileReference; lastKnownFileType = sourcecode.swift; path = ViewController.swift; sourceTree = "<group>"; };
		077D28E31D1D33BA00C2398F /* Assets.xcassets */ = {isa = PBXFileReference; lastKnownFileType = folder.assetcatalog; path = Assets.xcassets; sourceTree = "<group>"; };
		077D28E61D1D33BA00C2398F /* Base */ = {isa = PBXFileReference; lastKnownFileType = file.storyboard; name = Base; path = Base.lproj/LaunchScreen.storyboard; sourceTree = "<group>"; };
		077D28E81D1D33BA00C2398F /* Info.plist */ = {isa = PBXFileReference; lastKnownFileType = text.plist.xml; path = Info.plist; sourceTree = "<group>"; };
		077D28F31D1D33C500C2398F /* XDPlayer.framework */ = {isa = PBXFileReference; explicitFileType = wrapper.framework; includeInIndex = 0; path = XDPlayer.framework; sourceTree = BUILT_PRODUCTS_DIR; };
		077D28F51D1D33C500C2398F /* XDPlayer.h */ = {isa = PBXFileReference; lastKnownFileType = sourcecode.c.h; path = XDPlayer.h; sourceTree = "<group>"; };
		077D28F71D1D33C500C2398F /* Info.plist */ = {isa = PBXFileReference; lastKnownFileType = text.plist.xml; path = Info.plist; sourceTree = "<group>"; };
		077D29001D1D34AF00C2398F /* XDPlayer.swift */ = {isa = PBXFileReference; fileEncoding = 4; lastKnownFileType = sourcecode.swift; name = XDPlayer.swift; path = Sources/XDPlayer.swift; sourceTree = SOURCE_ROOT; };
		077D29031D1D372500C2398F /* WOViewController.swift */ = {isa = PBXFileReference; fileEncoding = 4; lastKnownFileType = sourcecode.swift; name = WOViewController.swift; path = Sources/WOViewController.swift; sourceTree = "<group>"; };
/* End PBXFileReference section */

/* Begin PBXFrameworksBuildPhase section */
		077D28D61D1D33BA00C2398F /* Frameworks */ = {
			isa = PBXFrameworksBuildPhase;
			buildActionMask = 2147483647;
			files = (
				077D28FA1D1D33C500C2398F /* XDPlayer.framework in Frameworks */,
			);
			runOnlyForDeploymentPostprocessing = 0;
		};
		077D28EF1D1D33C500C2398F /* Frameworks */ = {
			isa = PBXFrameworksBuildPhase;
			buildActionMask = 2147483647;
			files = (
			);
			runOnlyForDeploymentPostprocessing = 0;
		};
/* End PBXFrameworksBuildPhase section */

/* Begin PBXGroup section */
		077D28D01D1D33BA00C2398F = {
			isa = PBXGroup;
			children = (
				077D29021D1D34B600C2398F /* Sources */,
				077D28DB1D1D33BA00C2398F /* XDPlayer-Demo */,
				077D28F41D1D33C500C2398F /* XDPlayer */,
				077D28DA1D1D33BA00C2398F /* Products */,
			);
			sourceTree = "<group>";
		};
		077D28DA1D1D33BA00C2398F /* Products */ = {
			isa = PBXGroup;
			children = (
				077D28D91D1D33BA00C2398F /* XDPlayer-Demo.app */,
				077D28F31D1D33C500C2398F /* XDPlayer.framework */,
			);
			name = Products;
			sourceTree = "<group>";
		};
		077D28DB1D1D33BA00C2398F /* XDPlayer-Demo */ = {
			isa = PBXGroup;
			children = (
				077D28DC1D1D33BA00C2398F /* AppDelegate.swift */,
				077D28DE1D1D33BA00C2398F /* ViewController.swift */,
				077D28E31D1D33BA00C2398F /* Assets.xcassets */,
				077D28E51D1D33BA00C2398F /* LaunchScreen.storyboard */,
				077D28E81D1D33BA00C2398F /* Info.plist */,
			);
			path = "XDPlayer-Demo";
			sourceTree = "<group>";
		};
		077D28F41D1D33C500C2398F /* XDPlayer */ = {
			isa = PBXGroup;
			children = (
				077D28F51D1D33C500C2398F /* XDPlayer.h */,
				077D28F71D1D33C500C2398F /* Info.plist */,
			);
			path = XDPlayer;
			sourceTree = "<group>";
		};
		077D29021D1D34B600C2398F /* Sources */ = {
			isa = PBXGroup;
			children = (
				072B599C1D8FE74000810F7D /* WOMaintainer.swift */,
				077D29031D1D372500C2398F /* WOViewController.swift */,
				072B59AA1D900CEE00810F7D /* WOViewController+State.swift */,
				0701651E1D8E57980019FA7C /* XDPlayerViewController.swift */,
				072B59AC1D900D0400810F7D /* XDPlayerViewController+Action.swift */,
				072B59AD1D900D0400810F7D /* XDPlayerViewController+State.swift */,
				072B599E1D8FE74B00810F7D /* XDPlayerViewController+UI.swift */,
				077D29001D1D34AF00C2398F /* XDPlayer.swift */,
				072B59BB1D90E60200810F7D /* Assets.xcassets */,
			);
			name = Sources;
			sourceTree = "<group>";
		};
/* End PBXGroup section */

/* Begin PBXHeadersBuildPhase section */
		077D28F01D1D33C500C2398F /* Headers */ = {
			isa = PBXHeadersBuildPhase;
			buildActionMask = 2147483647;
			files = (
				077D28F61D1D33C500C2398F /* XDPlayer.h in Headers */,
			);
			runOnlyForDeploymentPostprocessing = 0;
		};
/* End PBXHeadersBuildPhase section */

/* Begin PBXNativeTarget section */
		077D28D81D1D33BA00C2398F /* XDPlayer-Demo */ = {
			isa = PBXNativeTarget;
			buildConfigurationList = 077D28EB1D1D33BA00C2398F /* Build configuration list for PBXNativeTarget "XDPlayer-Demo" */;
			buildPhases = (
				077D28D51D1D33BA00C2398F /* Sources */,
				077D28D61D1D33BA00C2398F /* Frameworks */,
				077D28D71D1D33BA00C2398F /* Resources */,
				077D28FF1D1D33C500C2398F /* Embed Frameworks */,
			);
			buildRules = (
			);
			dependencies = (
				077D28F91D1D33C500C2398F /* PBXTargetDependency */,
			);
			name = "XDPlayer-Demo";
			productName = "XDPlayer-Demo";
			productReference = 077D28D91D1D33BA00C2398F /* XDPlayer-Demo.app */;
			productType = "com.apple.product-type.application";
		};
		077D28F21D1D33C500C2398F /* XDPlayer */ = {
			isa = PBXNativeTarget;
			buildConfigurationList = 077D28FC1D1D33C500C2398F /* Build configuration list for PBXNativeTarget "XDPlayer" */;
			buildPhases = (
				077D28EE1D1D33C500C2398F /* Sources */,
				077D28EF1D1D33C500C2398F /* Frameworks */,
				077D28F01D1D33C500C2398F /* Headers */,
				077D28F11D1D33C500C2398F /* Resources */,
			);
			buildRules = (
			);
			dependencies = (
			);
			name = XDPlayer;
			productName = XDPlayer;
			productReference = 077D28F31D1D33C500C2398F /* XDPlayer.framework */;
			productType = "com.apple.product-type.framework";
		};
/* End PBXNativeTarget section */

/* Begin PBXProject section */
		077D28D11D1D33BA00C2398F /* Project object */ = {
			isa = PBXProject;
			attributes = {
				LastSwiftUpdateCheck = 0730;
				LastUpgradeCheck = 0800;
				ORGANIZATIONNAME = "monk-studio";
				TargetAttributes = {
					077D28D81D1D33BA00C2398F = {
						CreatedOnToolsVersion = 7.3;
						DevelopmentTeam = X2XD45Z456;
						LastSwiftMigration = 0800;
					};
					077D28F21D1D33C500C2398F = {
						CreatedOnToolsVersion = 7.3;
						DevelopmentTeam = X2XD45Z456;
						LastSwiftMigration = 0800;
						ProvisioningStyle = Automatic;
					};
				};
			};
			buildConfigurationList = 077D28D41D1D33BA00C2398F /* Build configuration list for PBXProject "XDPlayer-Demo" */;
			compatibilityVersion = "Xcode 3.2";
			developmentRegion = English;
			hasScannedForEncodings = 0;
			knownRegions = (
				en,
				Base,
			);
			mainGroup = 077D28D01D1D33BA00C2398F;
			productRefGroup = 077D28DA1D1D33BA00C2398F /* Products */;
			projectDirPath = "";
			projectRoot = "";
			targets = (
				077D28D81D1D33BA00C2398F /* XDPlayer-Demo */,
				077D28F21D1D33C500C2398F /* XDPlayer */,
			);
		};
/* End PBXProject section */

/* Begin PBXResourcesBuildPhase section */
		077D28D71D1D33BA00C2398F /* Resources */ = {
			isa = PBXResourcesBuildPhase;
			buildActionMask = 2147483647;
			files = (
				077D28E71D1D33BA00C2398F /* LaunchScreen.storyboard in Resources */,
				072B59BC1D90E60200810F7D /* Assets.xcassets in Resources */,
				077D28E41D1D33BA00C2398F /* Assets.xcassets in Resources */,
			);
			runOnlyForDeploymentPostprocessing = 0;
		};
		077D28F11D1D33C500C2398F /* Resources */ = {
			isa = PBXResourcesBuildPhase;
			buildActionMask = 2147483647;
			files = (
			);
			runOnlyForDeploymentPostprocessing = 0;
		};
/* End PBXResourcesBuildPhase section */

/* Begin PBXSourcesBuildPhase section */
		077D28D51D1D33BA00C2398F /* Sources */ = {
			isa = PBXSourcesBuildPhase;
			buildActionMask = 2147483647;
			files = (
				072B59AE1D900D0400810F7D /* XDPlayerViewController+Action.swift in Sources */,
				072B59AF1D900D0400810F7D /* XDPlayerViewController+State.swift in Sources */,
				0798304D1D8E7ADD0087A8C7 /* XDPlayer.swift in Sources */,
				072B599D1D8FE74000810F7D /* WOMaintainer.swift in Sources */,
				072B599F1D8FE74B00810F7D /* XDPlayerViewController+UI.swift in Sources */,
				0798304C1D8E7ADA0087A8C7 /* XDPlayerViewController.swift in Sources */,
				077D28DF1D1D33BA00C2398F /* ViewController.swift in Sources */,
				072B59AB1D900CEE00810F7D /* WOViewController+State.swift in Sources */,
				077D28DD1D1D33BA00C2398F /* AppDelegate.swift in Sources */,
				0798304B1D8E7AD70087A8C7 /* WOViewController.swift in Sources */,
			);
			runOnlyForDeploymentPostprocessing = 0;
		};
		077D28EE1D1D33C500C2398F /* Sources */ = {
			isa = PBXSourcesBuildPhase;
			buildActionMask = 2147483647;
			files = (
				072B59B41D900D9800810F7D /* WOViewController.swift in Sources */,
				072B59B31D900D9800810F7D /* WOMaintainer.swift in Sources */,
				072B59BA1D900D9800810F7D /* XDPlayer.swift in Sources */,
				072B59B91D900D9800810F7D /* XDPlayerViewController+UI.swift in Sources */,
				072B59B51D900D9800810F7D /* WOViewController+State.swift in Sources */,
				072B59B81D900D9800810F7D /* XDPlayerViewController+State.swift in Sources */,
				072B59B61D900D9800810F7D /* XDPlayerViewController.swift in Sources */,
				072B59B71D900D9800810F7D /* XDPlayerViewController+Action.swift in Sources */,
			);
			runOnlyForDeploymentPostprocessing = 0;
		};
/* End PBXSourcesBuildPhase section */

/* Begin PBXTargetDependency section */
		077D28F91D1D33C500C2398F /* PBXTargetDependency */ = {
			isa = PBXTargetDependency;
			target = 077D28F21D1D33C500C2398F /* XDPlayer */;
			targetProxy = 077D28F81D1D33C500C2398F /* PBXContainerItemProxy */;
		};
/* End PBXTargetDependency section */

/* Begin PBXVariantGroup section */
		077D28E51D1D33BA00C2398F /* LaunchScreen.storyboard */ = {
			isa = PBXVariantGroup;
			children = (
				077D28E61D1D33BA00C2398F /* Base */,
			);
			name = LaunchScreen.storyboard;
			sourceTree = "<group>";
		};
/* End PBXVariantGroup section */

/* Begin XCBuildConfiguration section */
		077D28E91D1D33BA00C2398F /* Debug */ = {
			isa = XCBuildConfiguration;
			buildSettings = {
				ALWAYS_SEARCH_USER_PATHS = NO;
				CLANG_ANALYZER_NONNULL = YES;
				CLANG_CXX_LANGUAGE_STANDARD = "gnu++0x";
				CLANG_CXX_LIBRARY = "libc++";
				CLANG_ENABLE_MODULES = YES;
				CLANG_ENABLE_OBJC_ARC = YES;
				CLANG_WARN_BOOL_CONVERSION = YES;
				CLANG_WARN_CONSTANT_CONVERSION = YES;
				CLANG_WARN_DIRECT_OBJC_ISA_USAGE = YES_ERROR;
				CLANG_WARN_EMPTY_BODY = YES;
				CLANG_WARN_ENUM_CONVERSION = YES;
				CLANG_WARN_INFINITE_RECURSION = YES;
				CLANG_WARN_INT_CONVERSION = YES;
				CLANG_WARN_OBJC_ROOT_CLASS = YES_ERROR;
				CLANG_WARN_SUSPICIOUS_MOVE = YES;
				CLANG_WARN_UNREACHABLE_CODE = YES;
				CLANG_WARN__DUPLICATE_METHOD_MATCH = YES;
				"CODE_SIGN_IDENTITY[sdk=iphoneos*]" = "iPhone Developer";
				COPY_PHASE_STRIP = NO;
				DEBUG_INFORMATION_FORMAT = dwarf;
				ENABLE_STRICT_OBJC_MSGSEND = YES;
				ENABLE_TESTABILITY = YES;
				GCC_C_LANGUAGE_STANDARD = gnu99;
				GCC_DYNAMIC_NO_PIC = NO;
				GCC_NO_COMMON_BLOCKS = YES;
				GCC_OPTIMIZATION_LEVEL = 0;
				GCC_PREPROCESSOR_DEFINITIONS = (
					"DEBUG=1",
					"$(inherited)",
				);
				GCC_WARN_64_TO_32_BIT_CONVERSION = YES;
				GCC_WARN_ABOUT_RETURN_TYPE = YES_ERROR;
				GCC_WARN_UNDECLARED_SELECTOR = YES;
				GCC_WARN_UNINITIALIZED_AUTOS = YES_AGGRESSIVE;
				GCC_WARN_UNUSED_FUNCTION = YES;
				GCC_WARN_UNUSED_VARIABLE = YES;
				IPHONEOS_DEPLOYMENT_TARGET = 9.3;
				MTL_ENABLE_DEBUG_INFO = YES;
				ONLY_ACTIVE_ARCH = YES;
				SDKROOT = iphoneos;
				SWIFT_OPTIMIZATION_LEVEL = "-Onone";
			};
			name = Debug;
		};
		077D28EA1D1D33BA00C2398F /* Release */ = {
			isa = XCBuildConfiguration;
			buildSettings = {
				ALWAYS_SEARCH_USER_PATHS = NO;
				CLANG_ANALYZER_NONNULL = YES;
				CLANG_CXX_LANGUAGE_STANDARD = "gnu++0x";
				CLANG_CXX_LIBRARY = "libc++";
				CLANG_ENABLE_MODULES = YES;
				CLANG_ENABLE_OBJC_ARC = YES;
				CLANG_WARN_BOOL_CONVERSION = YES;
				CLANG_WARN_CONSTANT_CONVERSION = YES;
				CLANG_WARN_DIRECT_OBJC_ISA_USAGE = YES_ERROR;
				CLANG_WARN_EMPTY_BODY = YES;
				CLANG_WARN_ENUM_CONVERSION = YES;
				CLANG_WARN_INFINITE_RECURSION = YES;
				CLANG_WARN_INT_CONVERSION = YES;
				CLANG_WARN_OBJC_ROOT_CLASS = YES_ERROR;
				CLANG_WARN_SUSPICIOUS_MOVE = YES;
				CLANG_WARN_UNREACHABLE_CODE = YES;
				CLANG_WARN__DUPLICATE_METHOD_MATCH = YES;
				"CODE_SIGN_IDENTITY[sdk=iphoneos*]" = "iPhone Developer";
				COPY_PHASE_STRIP = NO;
				DEBUG_INFORMATION_FORMAT = "dwarf-with-dsym";
				ENABLE_NS_ASSERTIONS = NO;
				ENABLE_STRICT_OBJC_MSGSEND = YES;
				GCC_C_LANGUAGE_STANDARD = gnu99;
				GCC_NO_COMMON_BLOCKS = YES;
				GCC_WARN_64_TO_32_BIT_CONVERSION = YES;
				GCC_WARN_ABOUT_RETURN_TYPE = YES_ERROR;
				GCC_WARN_UNDECLARED_SELECTOR = YES;
				GCC_WARN_UNINITIALIZED_AUTOS = YES_AGGRESSIVE;
				GCC_WARN_UNUSED_FUNCTION = YES;
				GCC_WARN_UNUSED_VARIABLE = YES;
				IPHONEOS_DEPLOYMENT_TARGET = 9.3;
				MTL_ENABLE_DEBUG_INFO = NO;
				SDKROOT = iphoneos;
				SWIFT_OPTIMIZATION_LEVEL = "-Owholemodule";
				VALIDATE_PRODUCT = YES;
			};
			name = Release;
		};
		077D28EC1D1D33BA00C2398F /* Debug */ = {
			isa = XCBuildConfiguration;
			buildSettings = {
				ALWAYS_EMBED_SWIFT_STANDARD_LIBRARIES = YES;
				ASSETCATALOG_COMPILER_APPICON_NAME = AppIcon;
				DEVELOPMENT_TEAM = X2XD45Z456;
				INFOPLIST_FILE = "XDPlayer-Demo/Info.plist";
				IPHONEOS_DEPLOYMENT_TARGET = 9.0;
				LD_RUNPATH_SEARCH_PATHS = "$(inherited) @executable_path/Frameworks";
				PRODUCT_BUNDLE_IDENTIFIER = "com.monk-studio.XDPlayer-Demo";
				PRODUCT_NAME = "$(TARGET_NAME)";
				SWIFT_VERSION = 3.0;
			};
			name = Debug;
		};
		077D28ED1D1D33BA00C2398F /* Release */ = {
			isa = XCBuildConfiguration;
			buildSettings = {
				ALWAYS_EMBED_SWIFT_STANDARD_LIBRARIES = YES;
				ASSETCATALOG_COMPILER_APPICON_NAME = AppIcon;
				DEVELOPMENT_TEAM = X2XD45Z456;
				INFOPLIST_FILE = "XDPlayer-Demo/Info.plist";
				IPHONEOS_DEPLOYMENT_TARGET = 9.0;
				LD_RUNPATH_SEARCH_PATHS = "$(inherited) @executable_path/Frameworks";
				PRODUCT_BUNDLE_IDENTIFIER = "com.monk-studio.XDPlayer-Demo";
				PRODUCT_NAME = "$(TARGET_NAME)";
				SWIFT_VERSION = 3.0;
			};
			name = Release;
		};
		077D28FD1D1D33C500C2398F /* Debug */ = {
			isa = XCBuildConfiguration;
			buildSettings = {
				"CODE_SIGN_IDENTITY[sdk=iphoneos*]" = "iPhone Developer";
				CURRENT_PROJECT_VERSION = 1;
				DEFINES_MODULE = YES;
				DEVELOPMENT_TEAM = X2XD45Z456;
				DYLIB_COMPATIBILITY_VERSION = 1;
				DYLIB_CURRENT_VERSION = 1;
				DYLIB_INSTALL_NAME_BASE = "@rpath";
				INFOPLIST_FILE = XDPlayer/Info.plist;
				INSTALL_PATH = "$(LOCAL_LIBRARY_DIR)/Frameworks";
				IPHONEOS_DEPLOYMENT_TARGET = 9.0;
				LD_RUNPATH_SEARCH_PATHS = "$(inherited) @executable_path/Frameworks @loader_path/Frameworks";
				PRODUCT_BUNDLE_IDENTIFIER = "com.monk-studio.XDPlayer";
				PRODUCT_NAME = "$(TARGET_NAME)";
				SKIP_INSTALL = YES;
				SWIFT_VERSION = 3.0;
				TARGETED_DEVICE_FAMILY = 1;
				VERSIONING_SYSTEM = "apple-generic";
				VERSION_INFO_PREFIX = "";
			};
			name = Debug;
		};
		077D28FE1D1D33C500C2398F /* Release */ = {
			isa = XCBuildConfiguration;
			buildSettings = {
				"CODE_SIGN_IDENTITY[sdk=iphoneos*]" = "iPhone Developer";
				CURRENT_PROJECT_VERSION = 1;
				DEFINES_MODULE = YES;
				DEVELOPMENT_TEAM = X2XD45Z456;
				DYLIB_COMPATIBILITY_VERSION = 1;
				DYLIB_CURRENT_VERSION = 1;
				DYLIB_INSTALL_NAME_BASE = "@rpath";
				INFOPLIST_FILE = XDPlayer/Info.plist;
				INSTALL_PATH = "$(LOCAL_LIBRARY_DIR)/Frameworks";
				IPHONEOS_DEPLOYMENT_TARGET = 9.0;
				LD_RUNPATH_SEARCH_PATHS = "$(inherited) @executable_path/Frameworks @loader_path/Frameworks";
				PRODUCT_BUNDLE_IDENTIFIER = "com.monk-studio.XDPlayer";
				PRODUCT_NAME = "$(TARGET_NAME)";
				SKIP_INSTALL = YES;
				SWIFT_VERSION = 3.0;
				TARGETED_DEVICE_FAMILY = 1;
				VERSIONING_SYSTEM = "apple-generic";
				VERSION_INFO_PREFIX = "";
			};
			name = Release;
		};
/* End XCBuildConfiguration section */

/* Begin XCConfigurationList section */
		077D28D41D1D33BA00C2398F /* Build configuration list for PBXProject "XDPlayer-Demo" */ = {
			isa = XCConfigurationList;
			buildConfigurations = (
				077D28E91D1D33BA00C2398F /* Debug */,
				077D28EA1D1D33BA00C2398F /* Release */,
			);
			defaultConfigurationIsVisible = 0;
			defaultConfigurationName = Release;
		};
		077D28EB1D1D33BA00C2398F /* Build configuration list for PBXNativeTarget "XDPlayer-Demo" */ = {
			isa = XCConfigurationList;
			buildConfigurations = (
				077D28EC1D1D33BA00C2398F /* Debug */,
				077D28ED1D1D33BA00C2398F /* Release */,
			);
			defaultConfigurationIsVisible = 0;
			defaultConfigurationName = Release;
		};
		077D28FC1D1D33C500C2398F /* Build configuration list for PBXNativeTarget "XDPlayer" */ = {
			isa = XCConfigurationList;
			buildConfigurations = (
				077D28FD1D1D33C500C2398F /* Debug */,
				077D28FE1D1D33C500C2398F /* Release */,
			);
			defaultConfigurationIsVisible = 0;
			defaultConfigurationName = Release;
		};
/* End XCConfigurationList section */
	};
	rootObject = 077D28D11D1D33BA00C2398F /* Project object */;
}
